{
  "name": "asp.net",
  "version": "1.0.0",
  "lockfileVersion": 1,
  "requires": true,
  "dependencies": {
    "@syncfusion/ej2-js-es5": {
      "version": "17.1.38",
      "resolved": "https://registry.npmjs.org/@syncfusion/ej2-js-es5/-/ej2-js-es5-17.1.38.tgz",
      "integrity": "sha512-ydLx82Lad09N5l8Oy+I8lCvdUK1pH9WO6qtcCdnZmLTLkVbyE85iGSEdZAM29Uc4yOGRLC2+V0sKPw7jdjqg1w==",
      "dev": true
    }
  }
}
